// !$*UTF8*$!
{
	archiveVersion = 1;
	classes = {
	};
	objectVersion = 55;
	objects = {

/* Begin PBXBuildFile section */
		F28E31162797C7B800D1DC04 /* TaskViewModel.swift in Sources */ = {isa = PBXBuildFile; fileRef = F28E31152797C7B800D1DC04 /* TaskViewModel.swift */; };
		F298F43527967FEA00356205 /* Tests_iOS.swift in Sources */ = {isa = PBXBuildFile; fileRef = F298F43427967FEA00356205 /* Tests_iOS.swift */; };
		F298F43727967FEA00356205 /* Tests_iOSLaunchTests.swift in Sources */ = {isa = PBXBuildFile; fileRef = F298F43627967FEA00356205 /* Tests_iOSLaunchTests.swift */; };
		F298F44127967FEA00356205 /* Tests_macOS.swift in Sources */ = {isa = PBXBuildFile; fileRef = F298F44027967FEA00356205 /* Tests_macOS.swift */; };
		F298F44327967FEA00356205 /* Tests_macOSLaunchTests.swift in Sources */ = {isa = PBXBuildFile; fileRef = F298F44227967FEA00356205 /* Tests_macOSLaunchTests.swift */; };
		F298F44427967FEA00356205 /* TaskPlanner.xcdatamodeld in Sources */ = {isa = PBXBuildFile; fileRef = F298F41927967FE900356205 /* TaskPlanner.xcdatamodeld */; };
		F298F44527967FEA00356205 /* TaskPlanner.xcdatamodeld in Sources */ = {isa = PBXBuildFile; fileRef = F298F41927967FE900356205 /* TaskPlanner.xcdatamodeld */; };
		F298F44627967FEA00356205 /* TaskPlannerApp.swift in Sources */ = {isa = PBXBuildFile; fileRef = F298F41B27967FE900356205 /* TaskPlannerApp.swift */; };
		F298F44727967FEA00356205 /* TaskPlannerApp.swift in Sources */ = {isa = PBXBuildFile; fileRef = F298F41B27967FE900356205 /* TaskPlannerApp.swift */; };
		F298F44827967FEA00356205 /* ContentView.swift in Sources */ = {isa = PBXBuildFile; fileRef = F298F41C27967FE900356205 /* ContentView.swift */; };
		F298F44927967FEA00356205 /* ContentView.swift in Sources */ = {isa = PBXBuildFile; fileRef = F298F41C27967FE900356205 /* ContentView.swift */; };
		F298F44A27967FEA00356205 /* Persistence.swift in Sources */ = {isa = PBXBuildFile; fileRef = F298F41D27967FE900356205 /* Persistence.swift */; };
		F298F44B27967FEA00356205 /* Persistence.swift in Sources */ = {isa = PBXBuildFile; fileRef = F298F41D27967FE900356205 /* Persistence.swift */; };
		F298F44C27967FEA00356205 /* Assets.xcassets in Resources */ = {isa = PBXBuildFile; fileRef = F298F41E27967FEA00356205 /* Assets.xcassets */; };
		F298F44D27967FEA00356205 /* Assets.xcassets in Resources */ = {isa = PBXBuildFile; fileRef = F298F41E27967FEA00356205 /* Assets.xcassets */; };
		F2FEB363279911A0009307A3 /* Home.swift in Sources */ = {isa = PBXBuildFile; fileRef = F2FEB362279911A0009307A3 /* Home.swift */; };
		F2FEB365279911AE009307A3 /* NewTask.swift in Sources */ = {isa = PBXBuildFile; fileRef = F2FEB364279911AE009307A3 /* NewTask.swift */; };
		F2FEB367279911C1009307A3 /* FilteredView.swift in Sources */ = {isa = PBXBuildFile; fileRef = F2FEB366279911C1009307A3 /* FilteredView.swift */; };
/* End PBXBuildFile section */

/* Begin PBXContainerItemProxy section */
		F298F43127967FEA00356205 /* PBXContainerItemProxy */ = {
			isa = PBXContainerItemProxy;
			containerPortal = F298F41427967FE900356205 /* Project object */;
			proxyType = 1;
			remoteGlobalIDString = F298F42227967FEA00356205;
			remoteInfo = "TaskPlanner (iOS)";
		};
		F298F43D27967FEA00356205 /* PBXContainerItemProxy */ = {
			isa = PBXContainerItemProxy;
			containerPortal = F298F41427967FE900356205 /* Project object */;
			proxyType = 1;
			remoteGlobalIDString = F298F42827967FEA00356205;
			remoteInfo = "TaskPlanner (macOS)";
		};
/* End PBXContainerItemProxy section */

/* Begin PBXFileReference section */
		F28E31152797C7B800D1DC04 /* TaskViewModel.swift */ = {isa = PBXFileReference; lastKnownFileType = sourcecode.swift; path = TaskViewModel.swift; sourceTree = "<group>"; };
		F298F41A27967FE900356205 /* Shared.xcdatamodel */ = {isa = PBXFileReference; lastKnownFileType = wrapper.xcdatamodel; path = Shared.xcdatamodel; sourceTree = "<group>"; };
		F298F41B27967FE900356205 /* TaskPlannerApp.swift */ = {isa = PBXFileReference; lastKnownFileType = sourcecode.swift; path = TaskPlannerApp.swift; sourceTree = "<group>"; };
		F298F41C27967FE900356205 /* ContentView.swift */ = {isa = PBXFileReference; lastKnownFileType = sourcecode.swift; path = ContentView.swift; sourceTree = "<group>"; };
		F298F41D27967FE900356205 /* Persistence.swift */ = {isa = PBXFileReference; lastKnownFileType = sourcecode.swift; path = Persistence.swift; sourceTree = "<group>"; };
		F298F41E27967FEA00356205 /* Assets.xcassets */ = {isa = PBXFileReference; lastKnownFileType = folder.assetcatalog; path = Assets.xcassets; sourceTree = "<group>"; };
		F298F42327967FEA00356205 /* TaskPlanner.app */ = {isa = PBXFileReference; explicitFileType = wrapper.application; includeInIndex = 0; path = TaskPlanner.app; sourceTree = BUILT_PRODUCTS_DIR; };
		F298F42927967FEA00356205 /* TaskPlanner.app */ = {isa = PBXFileReference; explicitFileType = wrapper.application; includeInIndex = 0; path = TaskPlanner.app; sourceTree = BUILT_PRODUCTS_DIR; };
		F298F42B27967FEA00356205 /* macOS.entitlements */ = {isa = PBXFileReference; lastKnownFileType = text.plist.entitlements; path = macOS.entitlements; sourceTree = "<group>"; };
		F298F43027967FEA00356205 /* Tests iOS.xctest */ = {isa = PBXFileReference; explicitFileType = wrapper.cfbundle; includeInIndex = 0; path = "Tests iOS.xctest"; sourceTree = BUILT_PRODUCTS_DIR; };
		F298F43427967FEA00356205 /* Tests_iOS.swift */ = {isa = PBXFileReference; lastKnownFileType = sourcecode.swift; path = Tests_iOS.swift; sourceTree = "<group>"; };
		F298F43627967FEA00356205 /* Tests_iOSLaunchTests.swift */ = {isa = PBXFileReference; lastKnownFileType = sourcecode.swift; path = Tests_iOSLaunchTests.swift; sourceTree = "<group>"; };
		F298F43C27967FEA00356205 /* Tests macOS.xctest */ = {isa = PBXFileReference; explicitFileType = wrapper.cfbundle; includeInIndex = 0; path = "Tests macOS.xctest"; sourceTree = BUILT_PRODUCTS_DIR; };
		F298F44027967FEA00356205 /* Tests_macOS.swift */ = {isa = PBXFileReference; lastKnownFileType = sourcecode.swift; path = Tests_macOS.swift; sourceTree = "<group>"; };
		F298F44227967FEA00356205 /* Tests_macOSLaunchTests.swift */ = {isa = PBXFileReference; lastKnownFileType = sourcecode.swift; path = Tests_macOSLaunchTests.swift; sourceTree = "<group>"; };
		F2FEB362279911A0009307A3 /* Home.swift */ = {isa = PBXFileReference; lastKnownFileType = sourcecode.swift; path = Home.swift; sourceTree = "<group>"; };
		F2FEB364279911AE009307A3 /* NewTask.swift */ = {isa = PBXFileReference; lastKnownFileType = sourcecode.swift; path = NewTask.swift; sourceTree = "<group>"; };
		F2FEB366279911C1009307A3 /* FilteredView.swift */ = {isa = PBXFileReference; lastKnownFileType = sourcecode.swift; path = FilteredView.swift; sourceTree = "<group>"; };
/* End PBXFileReference section */

/* Begin PBXFrameworksBuildPhase section */
		F298F42027967FEA00356205 /* Frameworks */ = {
			isa = PBXFrameworksBuildPhase;
			buildActionMask = 2147483647;
			files = (
			);
			runOnlyForDeploymentPostprocessing = 0;
		};
		F298F42627967FEA00356205 /* Frameworks */ = {
			isa = PBXFrameworksBuildPhase;
			buildActionMask = 2147483647;
			files = (
			);
			runOnlyForDeploymentPostprocessing = 0;
		};
		F298F42D27967FEA00356205 /* Frameworks */ = {
			isa = PBXFrameworksBuildPhase;
			buildActionMask = 2147483647;
			files = (
			);
			runOnlyForDeploymentPostprocessing = 0;
		};
		F298F43927967FEA00356205 /* Frameworks */ = {
			isa = PBXFrameworksBuildPhase;
			buildActionMask = 2147483647;
			files = (
			);
			runOnlyForDeploymentPostprocessing = 0;
		};
/* End PBXFrameworksBuildPhase section */

/* Begin PBXGroup section */
		F28E31102797B6C200D1DC04 /* View */ = {
			isa = PBXGroup;
			children = (
				F2FEB362279911A0009307A3 /* Home.swift */,
				F2FEB364279911AE009307A3 /* NewTask.swift */,
				F2FEB366279911C1009307A3 /* FilteredView.swift */,
			);
			path = View;
			sourceTree = "<group>";
		};
		F28E31112797B6D000D1DC04 /* ViewModel */ = {
			isa = PBXGroup;
			children = (
				F28E31152797C7B800D1DC04 /* TaskViewModel.swift */,
			);
			path = ViewModel;
			sourceTree = "<group>";
		};
		F298F41327967FE900356205 = {
			isa = PBXGroup;
			children = (
				F298F41827967FE900356205 /* Shared */,
				F298F42A27967FEA00356205 /* macOS */,
				F298F43327967FEA00356205 /* Tests iOS */,
				F298F43F27967FEA00356205 /* Tests macOS */,
				F298F42427967FEA00356205 /* Products */,
			);
			sourceTree = "<group>";
		};
		F298F41827967FE900356205 /* Shared */ = {
			isa = PBXGroup;
			children = (
				F28E31112797B6D000D1DC04 /* ViewModel */,
				F28E31102797B6C200D1DC04 /* View */,
				F298F41B27967FE900356205 /* TaskPlannerApp.swift */,
				F298F41C27967FE900356205 /* ContentView.swift */,
				F298F41D27967FE900356205 /* Persistence.swift */,
				F298F41E27967FEA00356205 /* Assets.xcassets */,
				F298F41927967FE900356205 /* TaskPlanner.xcdatamodeld */,
			);
			path = Shared;
			sourceTree = "<group>";
		};
		F298F42427967FEA00356205 /* Products */ = {
			isa = PBXGroup;
			children = (
				F298F42327967FEA00356205 /* TaskPlanner.app */,
				F298F42927967FEA00356205 /* TaskPlanner.app */,
				F298F43027967FEA00356205 /* Tests iOS.xctest */,
				F298F43C27967FEA00356205 /* Tests macOS.xctest */,
			);
			name = Products;
			sourceTree = "<group>";
		};
		F298F42A27967FEA00356205 /* macOS */ = {
			isa = PBXGroup;
			children = (
				F298F42B27967FEA00356205 /* macOS.entitlements */,
			);
			path = macOS;
			sourceTree = "<group>";
		};
		F298F43327967FEA00356205 /* Tests iOS */ = {
			isa = PBXGroup;
			children = (
				F298F43427967FEA00356205 /* Tests_iOS.swift */,
				F298F43627967FEA00356205 /* Tests_iOSLaunchTests.swift */,
			);
			path = "Tests iOS";
			sourceTree = "<group>";
		};
		F298F43F27967FEA00356205 /* Tests macOS */ = {
			isa = PBXGroup;
			children = (
				F298F44027967FEA00356205 /* Tests_macOS.swift */,
				F298F44227967FEA00356205 /* Tests_macOSLaunchTests.swift */,
			);
			path = "Tests macOS";
			sourceTree = "<group>";
		};
/* End PBXGroup section */

/* Begin PBXNativeTarget section */
		F298F42227967FEA00356205 /* TaskPlanner (iOS) */ = {
			isa = PBXNativeTarget;
			buildConfigurationList = F298F45027967FEA00356205 /* Build configuration list for PBXNativeTarget "TaskPlanner (iOS)" */;
			buildPhases = (
				F298F41F27967FEA00356205 /* Sources */,
				F298F42027967FEA00356205 /* Frameworks */,
				F298F42127967FEA00356205 /* Resources */,
			);
			buildRules = (
			);
			dependencies = (
			);
			name = "TaskPlanner (iOS)";
			productName = "TaskPlanner (iOS)";
			productReference = F298F42327967FEA00356205 /* TaskPlanner.app */;
			productType = "com.apple.product-type.application";
		};
		F298F42827967FEA00356205 /* TaskPlanner (macOS) */ = {
			isa = PBXNativeTarget;
			buildConfigurationList = F298F45327967FEA00356205 /* Build configuration list for PBXNativeTarget "TaskPlanner (macOS)" */;
			buildPhases = (
				F298F42527967FEA00356205 /* Sources */,
				F298F42627967FEA00356205 /* Frameworks */,
				F298F42727967FEA00356205 /* Resources */,
			);
			buildRules = (
			);
			dependencies = (
			);
			name = "TaskPlanner (macOS)";
			productName = "TaskPlanner (macOS)";
			productReference = F298F42927967FEA00356205 /* TaskPlanner.app */;
			productType = "com.apple.product-type.application";
		};
		F298F42F27967FEA00356205 /* Tests iOS */ = {
			isa = PBXNativeTarget;
			buildConfigurationList = F298F45627967FEA00356205 /* Build configuration list for PBXNativeTarget "Tests iOS" */;
			buildPhases = (
				F298F42C27967FEA00356205 /* Sources */,
				F298F42D27967FEA00356205 /* Frameworks */,
				F298F42E27967FEA00356205 /* Resources */,
			);
			buildRules = (
			);
			dependencies = (
				F298F43227967FEA00356205 /* PBXTargetDependency */,
			);
			name = "Tests iOS";
			productName = "Tests iOS";
			productReference = F298F43027967FEA00356205 /* Tests iOS.xctest */;
			productType = "com.apple.product-type.bundle.ui-testing";
		};
		F298F43B27967FEA00356205 /* Tests macOS */ = {
			isa = PBXNativeTarget;
			buildConfigurationList = F298F45927967FEA00356205 /* Build configuration list for PBXNativeTarget "Tests macOS" */;
			buildPhases = (
				F298F43827967FEA00356205 /* Sources */,
				F298F43927967FEA00356205 /* Frameworks */,
				F298F43A27967FEA00356205 /* Resources */,
			);
			buildRules = (
			);
			dependencies = (
				F298F43E27967FEA00356205 /* PBXTargetDependency */,
			);
			name = "Tests macOS";
			productName = "Tests macOS";
			productReference = F298F43C27967FEA00356205 /* Tests macOS.xctest */;
			productType = "com.apple.product-type.bundle.ui-testing";
		};
/* End PBXNativeTarget section */

/* Begin PBXProject section */
		F298F41427967FE900356205 /* Project object */ = {
			isa = PBXProject;
			attributes = {
				BuildIndependentTargetsInParallel = 1;
				LastSwiftUpdateCheck = 1320;
				LastUpgradeCheck = 1320;
				TargetAttributes = {
					F298F42227967FEA00356205 = {
						CreatedOnToolsVersion = 13.2.1;
					};
					F298F42827967FEA00356205 = {
						CreatedOnToolsVersion = 13.2.1;
					};
					F298F42F27967FEA00356205 = {
						CreatedOnToolsVersion = 13.2.1;
						TestTargetID = F298F42227967FEA00356205;
					};
					F298F43B27967FEA00356205 = {
						CreatedOnToolsVersion = 13.2.1;
						TestTargetID = F298F42827967FEA00356205;
					};
				};
			};
			buildConfigurationList = F298F41727967FE900356205 /* Build configuration list for PBXProject "TaskPlanner" */;
			compatibilityVersion = "Xcode 13.0";
			developmentRegion = en;
			hasScannedForEncodings = 0;
			knownRegions = (
				en,
				Base,
			);
			mainGroup = F298F41327967FE900356205;
			productRefGroup = F298F42427967FEA00356205 /* Products */;
			projectDirPath = "";
			projectRoot = "";
			targets = (
				F298F42227967FEA00356205 /* TaskPlanner (iOS) */,
				F298F42827967FEA00356205 /* TaskPlanner (macOS) */,
				F298F42F27967FEA00356205 /* Tests iOS */,
				F298F43B27967FEA00356205 /* Tests macOS */,
			);
		};
/* End PBXProject section */

/* Begin PBXResourcesBuildPhase section */
		F298F42127967FEA00356205 /* Resources */ = {
			isa = PBXResourcesBuildPhase;
			buildActionMask = 2147483647;
			files = (
				F298F44C27967FEA00356205 /* Assets.xcassets in Resources */,
			);
			runOnlyForDeploymentPostprocessing = 0;
		};
		F298F42727967FEA00356205 /* Resources */ = {
			isa = PBXResourcesBuildPhase;
			buildActionMask = 2147483647;
			files = (
				F298F44D27967FEA00356205 /* Assets.xcassets in Resources */,
			);
			runOnlyForDeploymentPostprocessing = 0;
		};
		F298F42E27967FEA00356205 /* Resources */ = {
			isa = PBXResourcesBuildPhase;
			buildActionMask = 2147483647;
			files = (
			);
			runOnlyForDeploymentPostprocessing = 0;
		};
		F298F43A27967FEA00356205 /* Resources */ = {
			isa = PBXResourcesBuildPhase;
			buildActionMask = 2147483647;
			files = (
			);
			runOnlyForDeploymentPostprocessing = 0;
		};
/* End PBXResourcesBuildPhase section */

/* Begin PBXSourcesBuildPhase section */
		F298F41F27967FEA00356205 /* Sources */ = {
			isa = PBXSourcesBuildPhase;
			buildActionMask = 2147483647;
			files = (
				F298F44427967FEA00356205 /* TaskPlanner.xcdatamodeld in Sources */,
				F298F44A27967FEA00356205 /* Persistence.swift in Sources */,
				F2FEB365279911AE009307A3 /* NewTask.swift in Sources */,
				F298F44627967FEA00356205 /* TaskPlannerApp.swift in Sources */,
				F28E31162797C7B800D1DC04 /* TaskViewModel.swift in Sources */,
				F2FEB363279911A0009307A3 /* Home.swift in Sources */,
				F298F44827967FEA00356205 /* ContentView.swift in Sources */,
				F2FEB367279911C1009307A3 /* FilteredView.swift in Sources */,
			);
			runOnlyForDeploymentPostprocessing = 0;
		};
		F298F42527967FEA00356205 /* Sources */ = {
			isa = PBXSourcesBuildPhase;
			buildActionMask = 2147483647;
			files = (
				F298F44527967FEA00356205 /* TaskPlanner.xcdatamodeld in Sources */,
				F298F44B27967FEA00356205 /* Persistence.swift in Sources */,
				F298F44727967FEA00356205 /* TaskPlannerApp.swift in Sources */,
				F298F44927967FEA00356205 /* ContentView.swift in Sources */,
			);
			runOnlyForDeploymentPostprocessing = 0;
		};
		F298F42C27967FEA00356205 /* Sources */ = {
			isa = PBXSourcesBuildPhase;
			buildActionMask = 2147483647;
			files = (
				F298F43727967FEA00356205 /* Tests_iOSLaunchTests.swift in Sources */,
				F298F43527967FEA00356205 /* Tests_iOS.swift in Sources */,
			);
			runOnlyForDeploymentPostprocessing = 0;
		};
		F298F43827967FEA00356205 /* Sources */ = {
			isa = PBXSourcesBuildPhase;
			buildActionMask = 2147483647;
			files = (
				F298F44327967FEA00356205 /* Tests_macOSLaunchTests.swift in Sources */,
				F298F44127967FEA00356205 /* Tests_macOS.swift in Sources */,
			);
			runOnlyForDeploymentPostprocessing = 0;
		};
/* End PBXSourcesBuildPhase section */

/* Begin PBXTargetDependency section */
		F298F43227967FEA00356205 /* PBXTargetDependency */ = {
			isa = PBXTargetDependency;
			target = F298F42227967FEA00356205 /* TaskPlanner (iOS) */;
			targetProxy = F298F43127967FEA00356205 /* PBXContainerItemProxy */;
		};
		F298F43E27967FEA00356205 /* PBXTargetDependency */ = {
			isa = PBXTargetDependency;
			target = F298F42827967FEA00356205 /* TaskPlanner (macOS) */;
			targetProxy = F298F43D27967FEA00356205 /* PBXContainerItemProxy */;
		};
/* End PBXTargetDependency section */

/* Begin XCBuildConfiguration section */
		F298F44E27967FEA00356205 /* Debug */ = {
			isa = XCBuildConfiguration;
			buildSettings = {
				ALWAYS_SEARCH_USER_PATHS = NO;
				CLANG_ANALYZER_NONNULL = YES;
				CLANG_ANALYZER_NUMBER_OBJECT_CONVERSION = YES_AGGRESSIVE;
				CLANG_CXX_LANGUAGE_STANDARD = "gnu++17";
				CLANG_CXX_LIBRARY = "libc++";
				CLANG_ENABLE_MODULES = YES;
				CLANG_ENABLE_OBJC_ARC = YES;
				CLANG_ENABLE_OBJC_WEAK = YES;
				CLANG_WARN_BLOCK_CAPTURE_AUTORELEASING = YES;
				CLANG_WARN_BOOL_CONVERSION = YES;
				CLANG_WARN_COMMA = YES;
				CLANG_WARN_CONSTANT_CONVERSION = YES;
				CLANG_WARN_DEPRECATED_OBJC_IMPLEMENTATIONS = YES;
				CLANG_WARN_DIRECT_OBJC_ISA_USAGE = YES_ERROR;
				CLANG_WARN_DOCUMENTATION_COMMENTS = YES;
				CLANG_WARN_EMPTY_BODY = YES;
				CLANG_WARN_ENUM_CONVERSION = YES;
				CLANG_WARN_INFINITE_RECURSION = YES;
				CLANG_WARN_INT_CONVERSION = YES;
				CLANG_WARN_NON_LITERAL_NULL_CONVERSION = YES;
				CLANG_WARN_OBJC_IMPLICIT_RETAIN_SELF = YES;
				CLANG_WARN_OBJC_LITERAL_CONVERSION = YES;
				CLANG_WARN_OBJC_ROOT_CLASS = YES_ERROR;
				CLANG_WARN_QUOTED_INCLUDE_IN_FRAMEWORK_HEADER = YES;
				CLANG_WARN_RANGE_LOOP_ANALYSIS = YES;
				CLANG_WARN_STRICT_PROTOTYPES = YES;
				CLANG_WARN_SUSPICIOUS_MOVE = YES;
				CLANG_WARN_UNGUARDED_AVAILABILITY = YES_AGGRESSIVE;
				CLANG_WARN_UNREACHABLE_CODE = YES;
				CLANG_WARN__DUPLICATE_METHOD_MATCH = YES;
				COPY_PHASE_STRIP = NO;
				DEBUG_INFORMATION_FORMAT = dwarf;
				ENABLE_STRICT_OBJC_MSGSEND = YES;
				ENABLE_TESTABILITY = YES;
				GCC_C_LANGUAGE_STANDARD = gnu11;
				GCC_DYNAMIC_NO_PIC = NO;
				GCC_NO_COMMON_BLOCKS = YES;
				GCC_OPTIMIZATION_LEVEL = 0;
				GCC_PREPROCESSOR_DEFINITIONS = (
					"DEBUG=1",
					"$(inherited)",
				);
				GCC_WARN_64_TO_32_BIT_CONVERSION = YES;
				GCC_WARN_ABOUT_RETURN_TYPE = YES_ERROR;
				GCC_WARN_UNDECLARED_SELECTOR = YES;
				GCC_WARN_UNINITIALIZED_AUTOS = YES_AGGRESSIVE;
				GCC_WARN_UNUSED_FUNCTION = YES;
				GCC_WARN_UNUSED_VARIABLE = YES;
				MTL_ENABLE_DEBUG_INFO = INCLUDE_SOURCE;
				MTL_FAST_MATH = YES;
				ONLY_ACTIVE_ARCH = YES;
				SWIFT_ACTIVE_COMPILATION_CONDITIONS = DEBUG;
				SWIFT_OPTIMIZATION_LEVEL = "-Onone";
			};
			name = Debug;
		};
		F298F44F27967FEA00356205 /* Release */ = {
			isa = XCBuildConfiguration;
			buildSettings = {
				ALWAYS_SEARCH_USER_PATHS = NO;
				CLANG_ANALYZER_NONNULL = YES;
				CLANG_ANALYZER_NUMBER_OBJECT_CONVERSION = YES_AGGRESSIVE;
				CLANG_CXX_LANGUAGE_STANDARD = "gnu++17";
				CLANG_CXX_LIBRARY = "libc++";
				CLANG_ENABLE_MODULES = YES;
				CLANG_ENABLE_OBJC_ARC = YES;
				CLANG_ENABLE_OBJC_WEAK = YES;
				CLANG_WARN_BLOCK_CAPTURE_AUTORELEASING = YES;
				CLANG_WARN_BOOL_CONVERSION = YES;
				CLANG_WARN_COMMA = YES;
				CLANG_WARN_CONSTANT_CONVERSION = YES;
				CLANG_WARN_DEPRECATED_OBJC_IMPLEMENTATIONS = YES;
				CLANG_WARN_DIRECT_OBJC_ISA_USAGE = YES_ERROR;
				CLANG_WARN_DOCUMENTATION_COMMENTS = YES;
				CLANG_WARN_EMPTY_BODY = YES;
				CLANG_WARN_ENUM_CONVERSION = YES;
				CLANG_WARN_INFINITE_RECURSION = YES;
				CLANG_WARN_INT_CONVERSION = YES;
				CLANG_WARN_NON_LITERAL_NULL_CONVERSION = YES;
				CLANG_WARN_OBJC_IMPLICIT_RETAIN_SELF = YES;
				CLANG_WARN_OBJC_LITERAL_CONVERSION = YES;
				CLANG_WARN_OBJC_ROOT_CLASS = YES_ERROR;
				CLANG_WARN_QUOTED_INCLUDE_IN_FRAMEWORK_HEADER = YES;
				CLANG_WARN_RANGE_LOOP_ANALYSIS = YES;
				CLANG_WARN_STRICT_PROTOTYPES = YES;
				CLANG_WARN_SUSPICIOUS_MOVE = YES;
				CLANG_WARN_UNGUARDED_AVAILABILITY = YES_AGGRESSIVE;
				CLANG_WARN_UNREACHABLE_CODE = YES;
				CLANG_WARN__DUPLICATE_METHOD_MATCH = YES;
				COPY_PHASE_STRIP = NO;
				DEBUG_INFORMATION_FORMAT = "dwarf-with-dsym";
				ENABLE_NS_ASSERTIONS = NO;
				ENABLE_STRICT_OBJC_MSGSEND = YES;
				GCC_C_LANGUAGE_STANDARD = gnu11;
				GCC_NO_COMMON_BLOCKS = YES;
				GCC_WARN_64_TO_32_BIT_CONVERSION = YES;
				GCC_WARN_ABOUT_RETURN_TYPE = YES_ERROR;
				GCC_WARN_UNDECLARED_SELECTOR = YES;
				GCC_WARN_UNINITIALIZED_AUTOS = YES_AGGRESSIVE;
				GCC_WARN_UNUSED_FUNCTION = YES;
				GCC_WARN_UNUSED_VARIABLE = YES;
				MTL_ENABLE_DEBUG_INFO = NO;
				MTL_FAST_MATH = YES;
				SWIFT_COMPILATION_MODE = wholemodule;
				SWIFT_OPTIMIZATION_LEVEL = "-O";
			};
			name = Release;
		};
		F298F45127967FEA00356205 /* Debug */ = {
			isa = XCBuildConfiguration;
			buildSettings = {
				ASSETCATALOG_COMPILER_APPICON_NAME = AppIcon;
				ASSETCATALOG_COMPILER_GLOBAL_ACCENT_COLOR_NAME = AccentColor;
				CODE_SIGN_STYLE = Automatic;
				CURRENT_PROJECT_VERSION = 1;
				DEVELOPMENT_TEAM = 56AGUN8975;
				ENABLE_PREVIEWS = YES;
				GENERATE_INFOPLIST_FILE = YES;
				INFOPLIST_KEY_UIApplicationSceneManifest_Generation = YES;
				INFOPLIST_KEY_UIApplicationSupportsIndirectInputEvents = YES;
				INFOPLIST_KEY_UILaunchScreen_Generation = YES;
				INFOPLIST_KEY_UISupportedInterfaceOrientations_iPad = "UIInterfaceOrientationPortrait UIInterfaceOrientationPortraitUpsideDown UIInterfaceOrientationLandscapeLeft UIInterfaceOrientationLandscapeRight";
				INFOPLIST_KEY_UISupportedInterfaceOrientations_iPhone = "UIInterfaceOrientationPortrait UIInterfaceOrientationLandscapeLeft UIInterfaceOrientationLandscapeRight";
				IPHONEOS_DEPLOYMENT_TARGET = 15.2;
				LD_RUNPATH_SEARCH_PATHS = (
					"$(inherited)",
					"@executable_path/Frameworks",
				);
				MARKETING_VERSION = 1.0;
				PRODUCT_BUNDLE_IDENTIFIER = com.feiyun.plannner.TaskPlanner;
				PRODUCT_NAME = TaskPlanner;
				SDKROOT = iphoneos;
				SWIFT_EMIT_LOC_STRINGS = YES;
				SWIFT_VERSION = 5.0;
				TARGETED_DEVICE_FAMILY = "1,2";
			};
			name = Debug;
		};
		F298F45227967FEA00356205 /* Release */ = {
			isa = XCBuildConfiguration;
			buildSettings = {
				ASSETCATALOG_COMPILER_APPICON_NAME = AppIcon;
				ASSETCATALOG_COMPILER_GLOBAL_ACCENT_COLOR_NAME = AccentColor;
				CODE_SIGN_STYLE = Automatic;
				CURRENT_PROJECT_VERSION = 1;
				DEVELOPMENT_TEAM = 56AGUN8975;
				ENABLE_PREVIEWS = YES;
				GENERATE_INFOPLIST_FILE = YES;
				INFOPLIST_KEY_UIApplicationSceneManifest_Generation = YES;
				INFOPLIST_KEY_UIApplicationSupportsIndirectInputEvents = YES;
				INFOPLIST_KEY_UILaunchScreen_Generation = YES;
				INFOPLIST_KEY_UISupportedInterfaceOrientations_iPad = "UIInterfaceOrientationPortrait UIInterfaceOrientationPortraitUpsideDown UIInterfaceOrientationLandscapeLeft UIInterfaceOrientationLandscapeRight";
				INFOPLIST_KEY_UISupportedInterfaceOrientations_iPhone = "UIInterfaceOrientationPortrait UIInterfaceOrientationLandscapeLeft UIInterfaceOrientationLandscapeRight";
				IPHONEOS_DEPLOYMENT_TARGET = 15.2;
				LD_RUNPATH_SEARCH_PATHS = (
					"$(inherited)",
					"@executable_path/Frameworks",
				);
				MARKETING_VERSION = 1.0;
				PRODUCT_BUNDLE_IDENTIFIER = com.feiyun.plannner.TaskPlanner;
				PRODUCT_NAME = TaskPlanner;
				SDKROOT = iphoneos;
				SWIFT_EMIT_LOC_STRINGS = YES;
				SWIFT_VERSION = 5.0;
				TARGETED_DEVICE_FAMILY = "1,2";
				VALIDATE_PRODUCT = YES;
			};
			name = Release;
		};
		F298F45427967FEA00356205 /* Debug */ = {
			isa = XCBuildConfiguration;
			buildSettings = {
				ASSETCATALOG_COMPILER_APPICON_NAME = AppIcon;
				ASSETCATALOG_COMPILER_GLOBAL_ACCENT_COLOR_NAME = AccentColor;
				CODE_SIGN_ENTITLEMENTS = macOS/macOS.entitlements;
				CODE_SIGN_STYLE = Automatic;
				COMBINE_HIDPI_IMAGES = YES;
				CURRENT_PROJECT_VERSION = 1;
				DEVELOPMENT_TEAM = 56AGUN8975;
				ENABLE_HARDENED_RUNTIME = YES;
				ENABLE_PREVIEWS = YES;
				GENERATE_INFOPLIST_FILE = YES;
				INFOPLIST_KEY_NSHumanReadableCopyright = "";
				LD_RUNPATH_SEARCH_PATHS = (
					"$(inherited)",
					"@executable_path/../Frameworks",
				);
				MACOSX_DEPLOYMENT_TARGET = 12.1;
				MARKETING_VERSION = 1.0;
				PRODUCT_BUNDLE_IDENTIFIER = com.feiyun.plannner.TaskPlanner;
				PRODUCT_NAME = TaskPlanner;
				SDKROOT = macosx;
				SWIFT_EMIT_LOC_STRINGS = YES;
				SWIFT_VERSION = 5.0;
			};
			name = Debug;
		};
		F298F45527967FEA00356205 /* Release */ = {
			isa = XCBuildConfiguration;
			buildSettings = {
				ASSETCATALOG_COMPILER_APPICON_NAME = AppIcon;
				ASSETCATALOG_COMPILER_GLOBAL_ACCENT_COLOR_NAME = AccentColor;
				CODE_SIGN_ENTITLEMENTS = macOS/macOS.entitlements;
				CODE_SIGN_STYLE = Automatic;
				COMBINE_HIDPI_IMAGES = YES;
				CURRENT_PROJECT_VERSION = 1;
				DEVELOPMENT_TEAM = 56AGUN8975;
				ENABLE_HARDENED_RUNTIME = YES;
				ENABLE_PREVIEWS = YES;
				GENERATE_INFOPLIST_FILE = YES;
				INFOPLIST_KEY_NSHumanReadableCopyright = "";
				LD_RUNPATH_SEARCH_PATHS = (
					"$(inherited)",
					"@executable_path/../Frameworks",
				);
				MACOSX_DEPLOYMENT_TARGET = 12.1;
				MARKETING_VERSION = 1.0;
				PRODUCT_BUNDLE_IDENTIFIER = com.feiyun.plannner.TaskPlanner;
				PRODUCT_NAME = TaskPlanner;
				SDKROOT = macosx;
				SWIFT_EMIT_LOC_STRINGS = YES;
				SWIFT_VERSION = 5.0;
			};
			name = Release;
		};
		F298F45727967FEA00356205 /* Debug */ = {
			isa = XCBuildConfiguration;
			buildSettings = {
				ALWAYS_EMBED_SWIFT_STANDARD_LIBRARIES = YES;
				CODE_SIGN_STYLE = Automatic;
				CURRENT_PROJECT_VERSION = 1;
				DEVELOPMENT_TEAM = 56AGUN8975;
				GENERATE_INFOPLIST_FILE = YES;
				IPHONEOS_DEPLOYMENT_TARGET = 15.2;
				MARKETING_VERSION = 1.0;
				PRODUCT_BUNDLE_IDENTIFIER = "com.feiyun.plannner.Tests-iOS";
				PRODUCT_NAME = "$(TARGET_NAME)";
				SDKROOT = iphoneos;
				SWIFT_EMIT_LOC_STRINGS = NO;
				SWIFT_VERSION = 5.0;
				TARGETED_DEVICE_FAMILY = "1,2";
				TEST_TARGET_NAME = "TaskPlanner (iOS)";
			};
			name = Debug;
		};
		F298F45827967FEA00356205 /* Release */ = {
			isa = XCBuildConfiguration;
			buildSettings = {
				ALWAYS_EMBED_SWIFT_STANDARD_LIBRARIES = YES;
				CODE_SIGN_STYLE = Automatic;
				CURRENT_PROJECT_VERSION = 1;
				DEVELOPMENT_TEAM = 56AGUN8975;
				GENERATE_INFOPLIST_FILE = YES;
				IPHONEOS_DEPLOYMENT_TARGET = 15.2;
				MARKETING_VERSION = 1.0;
				PRODUCT_BUNDLE_IDENTIFIER = "com.feiyun.plannner.Tests-iOS";
				PRODUCT_NAME = "$(TARGET_NAME)";
				SDKROOT = iphoneos;
				SWIFT_EMIT_LOC_STRINGS = NO;
				SWIFT_VERSION = 5.0;
				TARGETED_DEVICE_FAMILY = "1,2";
				TEST_TARGET_NAME = "TaskPlanner (iOS)";
				VALIDATE_PRODUCT = YES;
			};
			name = Release;
		};
		F298F45A27967FEA00356205 /* Debug */ = {
			isa = XCBuildConfiguration;
			buildSettings = {
				ALWAYS_EMBED_SWIFT_STANDARD_LIBRARIES = YES;
				CODE_SIGN_STYLE = Automatic;
				CURRENT_PROJECT_VERSION = 1;
				DEVELOPMENT_TEAM = 56AGUN8975;
				GENERATE_INFOPLIST_FILE = YES;
				MACOSX_DEPLOYMENT_TARGET = 12.1;
				MARKETING_VERSION = 1.0;
				PRODUCT_BUNDLE_IDENTIFIER = "com.feiyun.plannner.Tests-macOS";
				PRODUCT_NAME = "$(TARGET_NAME)";
				SDKROOT = macosx;
				SWIFT_EMIT_LOC_STRINGS = NO;
				SWIFT_VERSION = 5.0;
				TEST_TARGET_NAME = "TaskPlanner (macOS)";
			};
			name = Debug;
		};
		F298F45B27967FEA00356205 /* Release */ = {
			isa = XCBuildConfiguration;
			buildSettings = {
				ALWAYS_EMBED_SWIFT_STANDARD_LIBRARIES = YES;
				CODE_SIGN_STYLE = Automatic;
				CURRENT_PROJECT_VERSION = 1;
				DEVELOPMENT_TEAM = 56AGUN8975;
				GENERATE_INFOPLIST_FILE = YES;
				MACOSX_DEPLOYMENT_TARGET = 12.1;
				MARKETING_VERSION = 1.0;
				PRODUCT_BUNDLE_IDENTIFIER = "com.feiyun.plannner.Tests-macOS";
				PRODUCT_NAME = "$(TARGET_NAME)";
				SDKROOT = macosx;
				SWIFT_EMIT_LOC_STRINGS = NO;
				SWIFT_VERSION = 5.0;
				TEST_TARGET_NAME = "TaskPlanner (macOS)";
			};
			name = Release;
		};
/* End XCBuildConfiguration section */

/* Begin XCConfigurationList section */
		F298F41727967FE900356205 /* Build configuration list for PBXProject "TaskPlanner" */ = {
			isa = XCConfigurationList;
			buildConfigurations = (
				F298F44E27967FEA00356205 /* Debug */,
				F298F44F27967FEA00356205 /* Release */,
			);
			defaultConfigurationIsVisible = 0;
			defaultConfigurationName = Release;
		};
		F298F45027967FEA00356205 /* Build configuration list for PBXNativeTarget "TaskPlanner (iOS)" */ = {
			isa = XCConfigurationList;
			buildConfigurations = (
				F298F45127967FEA00356205 /* Debug */,
				F298F45227967FEA00356205 /* Release */,
			);
			defaultConfigurationIsVisible = 0;
			defaultConfigurationName = Release;
		};
		F298F45327967FEA00356205 /* Build configuration list for PBXNativeTarget "TaskPlanner (macOS)" */ = {
			isa = XCConfigurationList;
			buildConfigurations = (
				F298F45427967FEA00356205 /* Debug */,
				F298F45527967FEA00356205 /* Release */,
			);
			defaultConfigurationIsVisible = 0;
			defaultConfigurationName = Release;
		};
		F298F45627967FEA00356205 /* Build configuration list for PBXNativeTarget "Tests iOS" */ = {
			isa = XCConfigurationList;
			buildConfigurations = (
				F298F45727967FEA00356205 /* Debug */,
				F298F45827967FEA00356205 /* Release */,
			);
			defaultConfigurationIsVisible = 0;
			defaultConfigurationName = Release;
		};
		F298F45927967FEA00356205 /* Build configuration list for PBXNativeTarget "Tests macOS" */ = {
			isa = XCConfigurationList;
			buildConfigurations = (
				F298F45A27967FEA00356205 /* Debug */,
				F298F45B27967FEA00356205 /* Release */,
			);
			defaultConfigurationIsVisible = 0;
			defaultConfigurationName = Release;
		};
/* End XCConfigurationList section */

/* Begin XCVersionGroup section */
		F298F41927967FE900356205 /* TaskPlanner.xcdatamodeld */ = {
			isa = XCVersionGroup;
			children = (
				F298F41A27967FE900356205 /* Shared.xcdatamodel */,
			);
			currentVersion = F298F41A27967FE900356205 /* Shared.xcdatamodel */;
			path = TaskPlanner.xcdatamodeld;
			sourceTree = "<group>";
			versionGroupType = wrapper.xcdatamodel;
		};
/* End XCVersionGroup section */
	};
	rootObject = F298F41427967FE900356205 /* Project object */;
}
